# This file is automatically @generated by Cargo.
# It is not intended for manual editing.
version = 3

[[package]]
name = "memo-map"
version = "0.3.2"
source = "registry+https://github.com/rust-lang/crates.io-index"
checksum = "374c335b2df19e62d4cb323103473cbc6510980253119180de862d89184f6a83"

[[package]]
name = "minijinja"
version = "1.0.15"
source = "registry+https://github.com/rust-lang/crates.io-index"
checksum = "57be929672ea2de446d39b3626c1cd1e55bd1db40f90ebee28d242a3d6baa65f"
dependencies = [
 "memo-map",
 "self_cell",
 "serde",
]

[[package]]
name = "proc-macro2"
version = "1.0.79"
source = "registry+https://github.com/rust-lang/crates.io-index"
checksum = "e835ff2298f5721608eb1a980ecaee1aef2c132bf95ecc026a11b7bf3c01c02e"
dependencies = [
 "unicode-ident",
]

[[package]]
name = "quote"
version = "1.0.35"
source = "registry+https://github.com/rust-lang/crates.io-index"
checksum = "291ec9ab5efd934aaf503a6466c5d5251535d108ee747472c3977cc5acc868ef"
dependencies = [
 "proc-macro2",
]

[[package]]
name = "self_cell"
version = "1.0.3"
source = "registry+https://github.com/rust-lang/crates.io-index"
checksum = "58bf37232d3bb9a2c4e641ca2a11d83b5062066f88df7fed36c28772046d65ba"

[[package]]
name = "serde"
version = "1.0.197"
source = "registry+https://github.com/rust-lang/crates.io-index"
checksum = "3fb1c873e1b9b056a4dc4c0c198b24c3ffa059243875552b2bd0933b1aee4ce2"
dependencies = [
 "serde_derive",
]

[[package]]
name = "serde_derive"
version = "1.0.197"
source = "registry+https://github.com/rust-lang/crates.io-index"
checksum = "7eb0b34b42edc17f6b7cac84a52a1c5f0e1bb2227e997ca9011ea3dd34e8610b"
dependencies = [
 "proc-macro2",
 "quote",
 "syn",
]

[[package]]
name = "syn"
version = "2.0.55"
source = "registry+https://github.com/rust-lang/crates.io-index"
checksum = "002a1b3dbf967edfafc32655d0f377ab0bb7b994aa1d32c8cc7e9b8bf3ebb8f0"
dependencies = [
 "proc-macro2",
 "quote",
 "unicode-ident",
]

[[package]]
name = "tapestry"
version = "0.1.0"
dependencies = [
 "minijinja",
]

[[package]]
name = "unicode-ident"
version = "1.0.12"
source = "registry+https://github.com/rust-lang/crates.io-index"
checksum = "3354b9ac3fae1ff6755cb6db53683adb661634f67557942dea4facebec0fee4b"
